
Microsoft Visual Studio Solution File, Format Version 12.00
# Visual Studio Version 16
VisualStudioVersion = 16.0.30204.135
MinimumVisualStudioVersion = 10.0.40219.1
Project("{FAE04EC0-301F-11D3-BF4B-00C04F79EFBC}") = "Test_20211109", "Test_20211109\Test_20211109.csproj", "{6A821772-E733-4CC3-A55F-63817911CEF9}"
EndProject
Global
	GlobalSection(SolutionConfigurationPlatforms) = preSolution
		Debug|Any CPU = Debug|Any CPU
		Release|Any CPU = Release|Any CPU
	EndGlobalSection
	GlobalSection(ProjectConfigurationPlatforms) = postSolution
		{6A821772-E733-4CC3-A55F-63817911CEF9}.Debug|Any CPU.ActiveCfg = Debug|Any CPU
		{6A821772-E733-4CC3-A55F-63817911CEF9}.Debug|Any CPU.Build.0 = Debug|Any CPU
		{6A821772-E733-4CC3-A55F-63817911CEF9}.Release|Any CPU.ActiveCfg = Release|Any CPU
		{6A821772-E733-4CC3-A55F-63817911CEF9}.Release|Any CPU.Build.0 = Release|Any CPU
	EndGlobalSection
	GlobalSection(SolutionProperties) = preSolution
		HideSolutionNode = FALSE
	EndGlobalSection
	GlobalSection(ExtensibilityGlobals) = postSolution
		SolutionGuid = {0FF3F3B8-6F2A-41B7-9B03-79FD3FEF246A}
	EndGlobalSection
EndGlobal
